
Microsoft Visual Studio Solution File, Format Version 12.00
# Visual Studio Version 17
VisualStudioVersion = 17.5.33414.496
MinimumVisualStudioVersion = 10.0.40219.1
Project("{FAE04EC0-301F-11D3-BF4B-00C04F79EFBC}") = "RestWithASP.NET5", "RestWithASP.NET5\RestWithASP.NET5.csproj", "{054FA34A-4844-4ED5-845E-3F03867FA741}"
EndProject
Global
	GlobalSection(SolutionConfigurationPlatforms) = preSolution
		Debug|Any CPU = Debug|Any CPU
		Release|Any CPU = Release|Any CPU
	EndGlobalSection
	GlobalSection(ProjectConfigurationPlatforms) = postSolution
		{054FA34A-4844-4ED5-845E-3F03867FA741}.Debug|Any CPU.ActiveCfg = Debug|Any CPU
		{054FA34A-4844-4ED5-845E-3F03867FA741}.Debug|Any CPU.Build.0 = Debug|Any CPU
		{054FA34A-4844-4ED5-845E-3F03867FA741}.Release|Any CPU.ActiveCfg = Release|Any CPU
		{054FA34A-4844-4ED5-845E-3F03867FA741}.Release|Any CPU.Build.0 = Release|Any CPU
	EndGlobalSection
	GlobalSection(SolutionProperties) = preSolution
		HideSolutionNode = FALSE
	EndGlobalSection
	GlobalSection(ExtensibilityGlobals) = postSolution
		SolutionGuid = {C8D8C425-33A1-4530-B3CE-2D47F9493B55}
	EndGlobalSection
EndGlobal
